
Microsoft Visual Studio Solution File, Format Version 12.00
# Visual Studio Version 16
VisualStudioVersion = 16.0.30804.86
MinimumVisualStudioVersion = 10.0.40219.1
Project("{FAE04EC0-301F-11D3-BF4B-00C04F79EFBC}") = "Fluent-Interfaces", "Fluent-Interfaces.csproj", "{A3AA959A-1656-4E83-BDB4-702021F5799A}"
EndProject
Global
	GlobalSection(SolutionConfigurationPlatforms) = preSolution
		Debug|Any CPU = Debug|Any CPU
		Release|Any CPU = Release|Any CPU
	EndGlobalSection
	GlobalSection(ProjectConfigurationPlatforms) = postSolution
		{A3AA959A-1656-4E83-BDB4-702021F5799A}.Debug|Any CPU.ActiveCfg = Debug|Any CPU
		{A3AA959A-1656-4E83-BDB4-702021F5799A}.Debug|Any CPU.Build.0 = Debug|Any CPU
		{A3AA959A-1656-4E83-BDB4-702021F5799A}.Release|Any CPU.ActiveCfg = Release|Any CPU
		{A3AA959A-1656-4E83-BDB4-702021F5799A}.Release|Any CPU.Build.0 = Release|Any CPU
	EndGlobalSection
	GlobalSection(SolutionProperties) = preSolution
		HideSolutionNode = FALSE
	EndGlobalSection
	GlobalSection(ExtensibilityGlobals) = postSolution
		SolutionGuid = {313D8824-2A81-416B-8F14-C8F977D470E8}
	EndGlobalSection
EndGlobal
